// !$*UTF8*$!
{
	archiveVersion = 1;
	classes = {
	};
	objectVersion = 56;
	objects = {

/* Begin PBXBuildFile section */
		84AE59E32993C7A30039DE59 /* podcastsApp.swift in Sources */ = {isa = PBXBuildFile; fileRef = 84AE59E22993C7A30039DE59 /* podcastsApp.swift */; };
		84AE59E52993C7A30039DE59 /* ContentView.swift in Sources */ = {isa = PBXBuildFile; fileRef = 84AE59E42993C7A30039DE59 /* ContentView.swift */; };
		84AE59E72993C7A40039DE59 /* Assets.xcassets in Resources */ = {isa = PBXBuildFile; fileRef = 84AE59E62993C7A40039DE59 /* Assets.xcassets */; };
		84AE59EA2993C7A40039DE59 /* Preview Assets.xcassets in Resources */ = {isa = PBXBuildFile; fileRef = 84AE59E92993C7A40039DE59 /* Preview Assets.xcassets */; };
		84AE59F42993C7A40039DE59 /* podcastsTests.swift in Sources */ = {isa = PBXBuildFile; fileRef = 84AE59F32993C7A40039DE59 /* podcastsTests.swift */; };
		84AE59FE2993C7A40039DE59 /* podcastsUITests.swift in Sources */ = {isa = PBXBuildFile; fileRef = 84AE59FD2993C7A40039DE59 /* podcastsUITests.swift */; };
		84AE5A002993C7A40039DE59 /* podcastsUITestsLaunchTests.swift in Sources */ = {isa = PBXBuildFile; fileRef = 84AE59FF2993C7A40039DE59 /* podcastsUITestsLaunchTests.swift */; };
		84AE5A0D2993C7E30039DE59 /* PodcastsListView.swift in Sources */ = {isa = PBXBuildFile; fileRef = 84AE5A0C2993C7E30039DE59 /* PodcastsListView.swift */; };
		84AE5A0F2993C82D0039DE59 /* PodcastsListViewModel.swift in Sources */ = {isa = PBXBuildFile; fileRef = 84AE5A0E2993C82D0039DE59 /* PodcastsListViewModel.swift */; };
		84AE5A112993C8DD0039DE59 /* SearchableListViewModelProtocol.swift in Sources */ = {isa = PBXBuildFile; fileRef = 84AE5A102993C8DD0039DE59 /* SearchableListViewModelProtocol.swift */; };
		84AE5A172993CF090039DE59 /* Podcast.swift in Sources */ = {isa = PBXBuildFile; fileRef = 84AE5A162993CF090039DE59 /* Podcast.swift */; };
		84AE5A192993CF550039DE59 /* PodcastDetailsView.swift in Sources */ = {isa = PBXBuildFile; fileRef = 84AE5A182993CF550039DE59 /* PodcastDetailsView.swift */; };
		84AE5A1C299422CE0039DE59 /* PodcastRowView.swift in Sources */ = {isa = PBXBuildFile; fileRef = 84AE5A1B299422CE0039DE59 /* PodcastRowView.swift */; };
		84AE5A1E299695870039DE59 /* APIRequestServiceProtocol.swift in Sources */ = {isa = PBXBuildFile; fileRef = 84AE5A1D299695870039DE59 /* APIRequestServiceProtocol.swift */; };
		84AE5A202996E2090039DE59 /* ITunesURLGenerator.swift in Sources */ = {isa = PBXBuildFile; fileRef = 84AE5A1F2996E2090039DE59 /* ITunesURLGenerator.swift */; };
		84AE5A222996EB4A0039DE59 /* URLGeneratorProtocol.swift in Sources */ = {isa = PBXBuildFile; fileRef = 84AE5A212996EB4A0039DE59 /* URLGeneratorProtocol.swift */; };
		84AE5A2A2997CFBC0039DE59 /* String+ToFormattedDate.swift in Sources */ = {isa = PBXBuildFile; fileRef = 84AE5A292997CFBC0039DE59 /* String+ToFormattedDate.swift */; };
		84AE5A2C299811300039DE59 /* NoResultsView.swift in Sources */ = {isa = PBXBuildFile; fileRef = 84AE5A2B299811300039DE59 /* NoResultsView.swift */; };
		84AE5A2E299817E80039DE59 /* SearchCancelBehaviorView.swift in Sources */ = {isa = PBXBuildFile; fileRef = 84AE5A2D299817E80039DE59 /* SearchCancelBehaviorView.swift */; };
		84BDFCE529A2B16D00BC0EB8 /* APIRequestService.swift in Sources */ = {isa = PBXBuildFile; fileRef = 84BDFCE429A2B16D00BC0EB8 /* APIRequestService.swift */; };
/* End PBXBuildFile section */

/* Begin PBXContainerItemProxy section */
		84AE59F02993C7A40039DE59 /* PBXContainerItemProxy */ = {
			isa = PBXContainerItemProxy;
			containerPortal = 84AE59D72993C7A30039DE59 /* Project object */;
			proxyType = 1;
			remoteGlobalIDString = 84AE59DE2993C7A30039DE59;
			remoteInfo = podcasts;
		};
		84AE59FA2993C7A40039DE59 /* PBXContainerItemProxy */ = {
			isa = PBXContainerItemProxy;
			containerPortal = 84AE59D72993C7A30039DE59 /* Project object */;
			proxyType = 1;
			remoteGlobalIDString = 84AE59DE2993C7A30039DE59;
			remoteInfo = podcasts;
		};
/* End PBXContainerItemProxy section */

/* Begin PBXFileReference section */
		84AE59DF2993C7A30039DE59 /* podcasts.app */ = {isa = PBXFileReference; explicitFileType = wrapper.application; includeInIndex = 0; path = podcasts.app; sourceTree = BUILT_PRODUCTS_DIR; };
		84AE59E22993C7A30039DE59 /* podcastsApp.swift */ = {isa = PBXFileReference; lastKnownFileType = sourcecode.swift; path = podcastsApp.swift; sourceTree = "<group>"; };
		84AE59E42993C7A30039DE59 /* ContentView.swift */ = {isa = PBXFileReference; lastKnownFileType = sourcecode.swift; path = ContentView.swift; sourceTree = "<group>"; };
		84AE59E62993C7A40039DE59 /* Assets.xcassets */ = {isa = PBXFileReference; lastKnownFileType = folder.assetcatalog; path = Assets.xcassets; sourceTree = "<group>"; };
		84AE59E92993C7A40039DE59 /* Preview Assets.xcassets */ = {isa = PBXFileReference; lastKnownFileType = folder.assetcatalog; path = "Preview Assets.xcassets"; sourceTree = "<group>"; };
		84AE59EF2993C7A40039DE59 /* podcastsTests.xctest */ = {isa = PBXFileReference; explicitFileType = wrapper.cfbundle; includeInIndex = 0; path = podcastsTests.xctest; sourceTree = BUILT_PRODUCTS_DIR; };
		84AE59F32993C7A40039DE59 /* podcastsTests.swift */ = {isa = PBXFileReference; lastKnownFileType = sourcecode.swift; path = podcastsTests.swift; sourceTree = "<group>"; };
		84AE59F92993C7A40039DE59 /* podcastsUITests.xctest */ = {isa = PBXFileReference; explicitFileType = wrapper.cfbundle; includeInIndex = 0; path = podcastsUITests.xctest; sourceTree = BUILT_PRODUCTS_DIR; };
		84AE59FD2993C7A40039DE59 /* podcastsUITests.swift */ = {isa = PBXFileReference; lastKnownFileType = sourcecode.swift; path = podcastsUITests.swift; sourceTree = "<group>"; };
		84AE59FF2993C7A40039DE59 /* podcastsUITestsLaunchTests.swift */ = {isa = PBXFileReference; lastKnownFileType = sourcecode.swift; path = podcastsUITestsLaunchTests.swift; sourceTree = "<group>"; };
		84AE5A0C2993C7E30039DE59 /* PodcastsListView.swift */ = {isa = PBXFileReference; lastKnownFileType = sourcecode.swift; path = PodcastsListView.swift; sourceTree = "<group>"; };
		84AE5A0E2993C82D0039DE59 /* PodcastsListViewModel.swift */ = {isa = PBXFileReference; lastKnownFileType = sourcecode.swift; path = PodcastsListViewModel.swift; sourceTree = "<group>"; };
		84AE5A102993C8DD0039DE59 /* SearchableListViewModelProtocol.swift */ = {isa = PBXFileReference; lastKnownFileType = sourcecode.swift; path = SearchableListViewModelProtocol.swift; sourceTree = "<group>"; };
		84AE5A162993CF090039DE59 /* Podcast.swift */ = {isa = PBXFileReference; lastKnownFileType = sourcecode.swift; path = Podcast.swift; sourceTree = "<group>"; };
		84AE5A182993CF550039DE59 /* PodcastDetailsView.swift */ = {isa = PBXFileReference; lastKnownFileType = sourcecode.swift; path = PodcastDetailsView.swift; sourceTree = "<group>"; };
		84AE5A1B299422CE0039DE59 /* PodcastRowView.swift */ = {isa = PBXFileReference; lastKnownFileType = sourcecode.swift; path = PodcastRowView.swift; sourceTree = "<group>"; };
		84AE5A1D299695870039DE59 /* APIRequestServiceProtocol.swift */ = {isa = PBXFileReference; lastKnownFileType = sourcecode.swift; path = APIRequestServiceProtocol.swift; sourceTree = "<group>"; };
		84AE5A1F2996E2090039DE59 /* ITunesURLGenerator.swift */ = {isa = PBXFileReference; lastKnownFileType = sourcecode.swift; path = ITunesURLGenerator.swift; sourceTree = "<group>"; };
		84AE5A212996EB4A0039DE59 /* URLGeneratorProtocol.swift */ = {isa = PBXFileReference; lastKnownFileType = sourcecode.swift; path = URLGeneratorProtocol.swift; sourceTree = "<group>"; };
		84AE5A252997086D0039DE59 /* Info.plist */ = {isa = PBXFileReference; lastKnownFileType = text.plist; path = Info.plist; sourceTree = "<group>"; };
		84AE5A292997CFBC0039DE59 /* String+ToFormattedDate.swift */ = {isa = PBXFileReference; lastKnownFileType = sourcecode.swift; path = "String+ToFormattedDate.swift"; sourceTree = "<group>"; };
		84AE5A2B299811300039DE59 /* NoResultsView.swift */ = {isa = PBXFileReference; lastKnownFileType = sourcecode.swift; path = NoResultsView.swift; sourceTree = "<group>"; };
		84AE5A2D299817E80039DE59 /* SearchCancelBehaviorView.swift */ = {isa = PBXFileReference; lastKnownFileType = sourcecode.swift; path = SearchCancelBehaviorView.swift; sourceTree = "<group>"; };
		84BDFCE429A2B16D00BC0EB8 /* APIRequestService.swift */ = {isa = PBXFileReference; lastKnownFileType = sourcecode.swift; path = APIRequestService.swift; sourceTree = "<group>"; };
/* End PBXFileReference section */

/* Begin PBXFrameworksBuildPhase section */
		84AE59DC2993C7A30039DE59 /* Frameworks */ = {
			isa = PBXFrameworksBuildPhase;
			buildActionMask = 2147483647;
			files = (
			);
			runOnlyForDeploymentPostprocessing = 0;
		};
		84AE59EC2993C7A40039DE59 /* Frameworks */ = {
			isa = PBXFrameworksBuildPhase;
			buildActionMask = 2147483647;
			files = (
			);
			runOnlyForDeploymentPostprocessing = 0;
		};
		84AE59F62993C7A40039DE59 /* Frameworks */ = {
			isa = PBXFrameworksBuildPhase;
			buildActionMask = 2147483647;
			files = (
			);
			runOnlyForDeploymentPostprocessing = 0;
		};
/* End PBXFrameworksBuildPhase section */

/* Begin PBXGroup section */
		84AE59D62993C7A30039DE59 = {
			isa = PBXGroup;
			children = (
				84AE59E12993C7A30039DE59 /* podcasts */,
				84AE59F22993C7A40039DE59 /* podcastsTests */,
				84AE59FC2993C7A40039DE59 /* podcastsUITests */,
				84AE59E02993C7A30039DE59 /* Products */,
			);
			sourceTree = "<group>";
		};
		84AE59E02993C7A30039DE59 /* Products */ = {
			isa = PBXGroup;
			children = (
				84AE59DF2993C7A30039DE59 /* podcasts.app */,
				84AE59EF2993C7A40039DE59 /* podcastsTests.xctest */,
				84AE59F92993C7A40039DE59 /* podcastsUITests.xctest */,
			);
			name = Products;
			sourceTree = "<group>";
		};
		84AE59E12993C7A30039DE59 /* podcasts */ = {
			isa = PBXGroup;
			children = (
				84AE5A252997086D0039DE59 /* Info.plist */,
				84AE59E22993C7A30039DE59 /* podcastsApp.swift */,
				84AE59E42993C7A30039DE59 /* ContentView.swift */,
				84AE5A122993C9540039DE59 /* PodcastsList */,
				84AE5A1A2993CF9E0039DE59 /* PodcastDetails */,
				84AE5A2F29981EC30039DE59 /* Models */,
				84AE5A132993C9E20039DE59 /* Networking */,
				84AE5A282997CF6E0039DE59 /* Extensions */,
				84AE59E62993C7A40039DE59 /* Assets.xcassets */,
				84AE59E82993C7A40039DE59 /* Preview Content */,
			);
			path = podcasts;
			sourceTree = "<group>";
		};
		84AE59E82993C7A40039DE59 /* Preview Content */ = {
			isa = PBXGroup;
			children = (
				84AE59E92993C7A40039DE59 /* Preview Assets.xcassets */,
			);
			path = "Preview Content";
			sourceTree = "<group>";
		};
		84AE59F22993C7A40039DE59 /* podcastsTests */ = {
			isa = PBXGroup;
			children = (
				84AE59F32993C7A40039DE59 /* podcastsTests.swift */,
			);
			path = podcastsTests;
			sourceTree = "<group>";
		};
		84AE59FC2993C7A40039DE59 /* podcastsUITests */ = {
			isa = PBXGroup;
			children = (
				84AE59FD2993C7A40039DE59 /* podcastsUITests.swift */,
				84AE59FF2993C7A40039DE59 /* podcastsUITestsLaunchTests.swift */,
			);
			path = podcastsUITests;
			sourceTree = "<group>";
		};
		84AE5A122993C9540039DE59 /* PodcastsList */ = {
			isa = PBXGroup;
			children = (
				84AE5A3129990C520039DE59 /* Views */,
				84AE5A3029990C4A0039DE59 /* ViewModel */,
			);
			path = PodcastsList;
			sourceTree = "<group>";
		};
		84AE5A132993C9E20039DE59 /* Networking */ = {
			isa = PBXGroup;
			children = (
				84BDFCE429A2B16D00BC0EB8 /* APIRequestService.swift */,
				84AE5A1D299695870039DE59 /* APIRequestServiceProtocol.swift */,
				84AE5A1F2996E2090039DE59 /* ITunesURLGenerator.swift */,
				84AE5A212996EB4A0039DE59 /* URLGeneratorProtocol.swift */,
			);
			path = Networking;
			sourceTree = "<group>";
		};
		84AE5A1A2993CF9E0039DE59 /* PodcastDetails */ = {
			isa = PBXGroup;
			children = (
				84AE5A3229990C660039DE59 /* Views */,
			);
			path = PodcastDetails;
			sourceTree = "<group>";
		};
		84AE5A282997CF6E0039DE59 /* Extensions */ = {
			isa = PBXGroup;
			children = (
				84AE5A292997CFBC0039DE59 /* String+ToFormattedDate.swift */,
			);
			path = Extensions;
			sourceTree = "<group>";
		};
		84AE5A2F29981EC30039DE59 /* Models */ = {
			isa = PBXGroup;
			children = (
				84AE5A162993CF090039DE59 /* Podcast.swift */,
			);
			path = Models;
			sourceTree = "<group>";
		};
		84AE5A3029990C4A0039DE59 /* ViewModel */ = {
			isa = PBXGroup;
			children = (
				84AE5A0E2993C82D0039DE59 /* PodcastsListViewModel.swift */,
				84AE5A102993C8DD0039DE59 /* SearchableListViewModelProtocol.swift */,
			);
			path = ViewModel;
			sourceTree = "<group>";
		};
		84AE5A3129990C520039DE59 /* Views */ = {
			isa = PBXGroup;
			children = (
				84AE5A0C2993C7E30039DE59 /* PodcastsListView.swift */,
				84AE5A1B299422CE0039DE59 /* PodcastRowView.swift */,
				84AE5A2B299811300039DE59 /* NoResultsView.swift */,
				84AE5A2D299817E80039DE59 /* SearchCancelBehaviorView.swift */,
			);
			path = Views;
			sourceTree = "<group>";
		};
		84AE5A3229990C660039DE59 /* Views */ = {
			isa = PBXGroup;
			children = (
				84AE5A182993CF550039DE59 /* PodcastDetailsView.swift */,
			);
			path = Views;
			sourceTree = "<group>";
		};
/* End PBXGroup section */

/* Begin PBXNativeTarget section */
		84AE59DE2993C7A30039DE59 /* podcasts */ = {
			isa = PBXNativeTarget;
			buildConfigurationList = 84AE5A032993C7A40039DE59 /* Build configuration list for PBXNativeTarget "podcasts" */;
			buildPhases = (
				84AE59DB2993C7A30039DE59 /* Sources */,
				84AE59DC2993C7A30039DE59 /* Frameworks */,
				84AE59DD2993C7A30039DE59 /* Resources */,
			);
			buildRules = (
			);
			dependencies = (
			);
			name = podcasts;
			productName = podcasts;
			productReference = 84AE59DF2993C7A30039DE59 /* podcasts.app */;
			productType = "com.apple.product-type.application";
		};
		84AE59EE2993C7A40039DE59 /* podcastsTests */ = {
			isa = PBXNativeTarget;
			buildConfigurationList = 84AE5A062993C7A40039DE59 /* Build configuration list for PBXNativeTarget "podcastsTests" */;
			buildPhases = (
				84AE59EB2993C7A40039DE59 /* Sources */,
				84AE59EC2993C7A40039DE59 /* Frameworks */,
				84AE59ED2993C7A40039DE59 /* Resources */,
			);
			buildRules = (
			);
			dependencies = (
				84AE59F12993C7A40039DE59 /* PBXTargetDependency */,
			);
			name = podcastsTests;
			productName = podcastsTests;
			productReference = 84AE59EF2993C7A40039DE59 /* podcastsTests.xctest */;
			productType = "com.apple.product-type.bundle.unit-test";
		};
		84AE59F82993C7A40039DE59 /* podcastsUITests */ = {
			isa = PBXNativeTarget;
			buildConfigurationList = 84AE5A092993C7A40039DE59 /* Build configuration list for PBXNativeTarget "podcastsUITests" */;
			buildPhases = (
				84AE59F52993C7A40039DE59 /* Sources */,
				84AE59F62993C7A40039DE59 /* Frameworks */,
				84AE59F72993C7A40039DE59 /* Resources */,
			);
			buildRules = (
			);
			dependencies = (
				84AE59FB2993C7A40039DE59 /* PBXTargetDependency */,
			);
			name = podcastsUITests;
			productName = podcastsUITests;
			productReference = 84AE59F92993C7A40039DE59 /* podcastsUITests.xctest */;
			productType = "com.apple.product-type.bundle.ui-testing";
		};
/* End PBXNativeTarget section */

/* Begin PBXProject section */
		84AE59D72993C7A30039DE59 /* Project object */ = {
			isa = PBXProject;
			attributes = {
				BuildIndependentTargetsInParallel = 1;
				LastSwiftUpdateCheck = 1410;
				LastUpgradeCheck = 1410;
				TargetAttributes = {
					84AE59DE2993C7A30039DE59 = {
						CreatedOnToolsVersion = 14.1;
					};
					84AE59EE2993C7A40039DE59 = {
						CreatedOnToolsVersion = 14.1;
						TestTargetID = 84AE59DE2993C7A30039DE59;
					};
					84AE59F82993C7A40039DE59 = {
						CreatedOnToolsVersion = 14.1;
						TestTargetID = 84AE59DE2993C7A30039DE59;
					};
				};
			};
			buildConfigurationList = 84AE59DA2993C7A30039DE59 /* Build configuration list for PBXProject "podcasts" */;
			compatibilityVersion = "Xcode 14.0";
			developmentRegion = en;
			hasScannedForEncodings = 0;
			knownRegions = (
				en,
				Base,
			);
			mainGroup = 84AE59D62993C7A30039DE59;
			productRefGroup = 84AE59E02993C7A30039DE59 /* Products */;
			projectDirPath = "";
			projectRoot = "";
			targets = (
				84AE59DE2993C7A30039DE59 /* podcasts */,
				84AE59EE2993C7A40039DE59 /* podcastsTests */,
				84AE59F82993C7A40039DE59 /* podcastsUITests */,
			);
		};
/* End PBXProject section */

/* Begin PBXResourcesBuildPhase section */
		84AE59DD2993C7A30039DE59 /* Resources */ = {
			isa = PBXResourcesBuildPhase;
			buildActionMask = 2147483647;
			files = (
				84AE59EA2993C7A40039DE59 /* Preview Assets.xcassets in Resources */,
				84AE59E72993C7A40039DE59 /* Assets.xcassets in Resources */,
			);
			runOnlyForDeploymentPostprocessing = 0;
		};
		84AE59ED2993C7A40039DE59 /* Resources */ = {
			isa = PBXResourcesBuildPhase;
			buildActionMask = 2147483647;
			files = (
			);
			runOnlyForDeploymentPostprocessing = 0;
		};
		84AE59F72993C7A40039DE59 /* Resources */ = {
			isa = PBXResourcesBuildPhase;
			buildActionMask = 2147483647;
			files = (
			);
			runOnlyForDeploymentPostprocessing = 0;
		};
/* End PBXResourcesBuildPhase section */

/* Begin PBXSourcesBuildPhase section */
		84AE59DB2993C7A30039DE59 /* Sources */ = {
			isa = PBXSourcesBuildPhase;
			buildActionMask = 2147483647;
			files = (
				84AE5A2E299817E80039DE59 /* SearchCancelBehaviorView.swift in Sources */,
				84AE5A0D2993C7E30039DE59 /* PodcastsListView.swift in Sources */,
				84AE5A172993CF090039DE59 /* Podcast.swift in Sources */,
				84AE5A192993CF550039DE59 /* PodcastDetailsView.swift in Sources */,
				84AE59E52993C7A30039DE59 /* ContentView.swift in Sources */,
				84AE5A112993C8DD0039DE59 /* SearchableListViewModelProtocol.swift in Sources */,
				84AE5A222996EB4A0039DE59 /* URLGeneratorProtocol.swift in Sources */,
				84AE5A2A2997CFBC0039DE59 /* String+ToFormattedDate.swift in Sources */,
				84AE5A1C299422CE0039DE59 /* PodcastRowView.swift in Sources */,
				84AE5A1E299695870039DE59 /* APIRequestServiceProtocol.swift in Sources */,
				84BDFCE529A2B16D00BC0EB8 /* APIRequestService.swift in Sources */,
				84AE59E32993C7A30039DE59 /* podcastsApp.swift in Sources */,
				84AE5A2C299811300039DE59 /* NoResultsView.swift in Sources */,
				84AE5A0F2993C82D0039DE59 /* PodcastsListViewModel.swift in Sources */,
				84AE5A202996E2090039DE59 /* ITunesURLGenerator.swift in Sources */,
			);
			runOnlyForDeploymentPostprocessing = 0;
		};
		84AE59EB2993C7A40039DE59 /* Sources */ = {
			isa = PBXSourcesBuildPhase;
			buildActionMask = 2147483647;
			files = (
				84AE59F42993C7A40039DE59 /* podcastsTests.swift in Sources */,
			);
			runOnlyForDeploymentPostprocessing = 0;
		};
		84AE59F52993C7A40039DE59 /* Sources */ = {
			isa = PBXSourcesBuildPhase;
			buildActionMask = 2147483647;
			files = (
				84AE5A002993C7A40039DE59 /* podcastsUITestsLaunchTests.swift in Sources */,
				84AE59FE2993C7A40039DE59 /* podcastsUITests.swift in Sources */,
			);
			runOnlyForDeploymentPostprocessing = 0;
		};
/* End PBXSourcesBuildPhase section */

/* Begin PBXTargetDependency section */
		84AE59F12993C7A40039DE59 /* PBXTargetDependency */ = {
			isa = PBXTargetDependency;
			target = 84AE59DE2993C7A30039DE59 /* podcasts */;
			targetProxy = 84AE59F02993C7A40039DE59 /* PBXContainerItemProxy */;
		};
		84AE59FB2993C7A40039DE59 /* PBXTargetDependency */ = {
			isa = PBXTargetDependency;
			target = 84AE59DE2993C7A30039DE59 /* podcasts */;
			targetProxy = 84AE59FA2993C7A40039DE59 /* PBXContainerItemProxy */;
		};
/* End PBXTargetDependency section */

/* Begin XCBuildConfiguration section */
		84AE5A012993C7A40039DE59 /* Debug */ = {
			isa = XCBuildConfiguration;
			buildSettings = {
				ALWAYS_SEARCH_USER_PATHS = NO;
				CLANG_ANALYZER_NONNULL = YES;
				CLANG_ANALYZER_NUMBER_OBJECT_CONVERSION = YES_AGGRESSIVE;
				CLANG_CXX_LANGUAGE_STANDARD = "gnu++20";
				CLANG_ENABLE_MODULES = YES;
				CLANG_ENABLE_OBJC_ARC = YES;
				CLANG_ENABLE_OBJC_WEAK = YES;
				CLANG_WARN_BLOCK_CAPTURE_AUTORELEASING = YES;
				CLANG_WARN_BOOL_CONVERSION = YES;
				CLANG_WARN_COMMA = YES;
				CLANG_WARN_CONSTANT_CONVERSION = YES;
				CLANG_WARN_DEPRECATED_OBJC_IMPLEMENTATIONS = YES;
				CLANG_WARN_DIRECT_OBJC_ISA_USAGE = YES_ERROR;
				CLANG_WARN_DOCUMENTATION_COMMENTS = YES;
				CLANG_WARN_EMPTY_BODY = YES;
				CLANG_WARN_ENUM_CONVERSION = YES;
				CLANG_WARN_INFINITE_RECURSION = YES;
				CLANG_WARN_INT_CONVERSION = YES;
				CLANG_WARN_NON_LITERAL_NULL_CONVERSION = YES;
				CLANG_WARN_OBJC_IMPLICIT_RETAIN_SELF = YES;
				CLANG_WARN_OBJC_LITERAL_CONVERSION = YES;
				CLANG_WARN_OBJC_ROOT_CLASS = YES_ERROR;
				CLANG_WARN_QUOTED_INCLUDE_IN_FRAMEWORK_HEADER = YES;
				CLANG_WARN_RANGE_LOOP_ANALYSIS = YES;
				CLANG_WARN_STRICT_PROTOTYPES = YES;
				CLANG_WARN_SUSPICIOUS_MOVE = YES;
				CLANG_WARN_UNGUARDED_AVAILABILITY = YES_AGGRESSIVE;
				CLANG_WARN_UNREACHABLE_CODE = YES;
				CLANG_WARN__DUPLICATE_METHOD_MATCH = YES;
				COPY_PHASE_STRIP = NO;
				DEBUG_INFORMATION_FORMAT = dwarf;
				ENABLE_STRICT_OBJC_MSGSEND = YES;
				ENABLE_TESTABILITY = YES;
				GCC_C_LANGUAGE_STANDARD = gnu11;
				GCC_DYNAMIC_NO_PIC = NO;
				GCC_NO_COMMON_BLOCKS = YES;
				GCC_OPTIMIZATION_LEVEL = 0;
				GCC_PREPROCESSOR_DEFINITIONS = (
					"DEBUG=1",
					"$(inherited)",
				);
				GCC_WARN_64_TO_32_BIT_CONVERSION = YES;
				GCC_WARN_ABOUT_RETURN_TYPE = YES_ERROR;
				GCC_WARN_UNDECLARED_SELECTOR = YES;
				GCC_WARN_UNINITIALIZED_AUTOS = YES_AGGRESSIVE;
				GCC_WARN_UNUSED_FUNCTION = YES;
				GCC_WARN_UNUSED_VARIABLE = YES;
				IPHONEOS_DEPLOYMENT_TARGET = 16.1;
				MTL_ENABLE_DEBUG_INFO = INCLUDE_SOURCE;
				MTL_FAST_MATH = YES;
				ONLY_ACTIVE_ARCH = YES;
				SDKROOT = iphoneos;
				SWIFT_ACTIVE_COMPILATION_CONDITIONS = DEBUG;
				SWIFT_OPTIMIZATION_LEVEL = "-Onone";
			};
			name = Debug;
		};
		84AE5A022993C7A40039DE59 /* Release */ = {
			isa = XCBuildConfiguration;
			buildSettings = {
				ALWAYS_SEARCH_USER_PATHS = NO;
				CLANG_ANALYZER_NONNULL = YES;
				CLANG_ANALYZER_NUMBER_OBJECT_CONVERSION = YES_AGGRESSIVE;
				CLANG_CXX_LANGUAGE_STANDARD = "gnu++20";
				CLANG_ENABLE_MODULES = YES;
				CLANG_ENABLE_OBJC_ARC = YES;
				CLANG_ENABLE_OBJC_WEAK = YES;
				CLANG_WARN_BLOCK_CAPTURE_AUTORELEASING = YES;
				CLANG_WARN_BOOL_CONVERSION = YES;
				CLANG_WARN_COMMA = YES;
				CLANG_WARN_CONSTANT_CONVERSION = YES;
				CLANG_WARN_DEPRECATED_OBJC_IMPLEMENTATIONS = YES;
				CLANG_WARN_DIRECT_OBJC_ISA_USAGE = YES_ERROR;
				CLANG_WARN_DOCUMENTATION_COMMENTS = YES;
				CLANG_WARN_EMPTY_BODY = YES;
				CLANG_WARN_ENUM_CONVERSION = YES;
				CLANG_WARN_INFINITE_RECURSION = YES;
				CLANG_WARN_INT_CONVERSION = YES;
				CLANG_WARN_NON_LITERAL_NULL_CONVERSION = YES;
				CLANG_WARN_OBJC_IMPLICIT_RETAIN_SELF = YES;
				CLANG_WARN_OBJC_LITERAL_CONVERSION = YES;
				CLANG_WARN_OBJC_ROOT_CLASS = YES_ERROR;
				CLANG_WARN_QUOTED_INCLUDE_IN_FRAMEWORK_HEADER = YES;
				CLANG_WARN_RANGE_LOOP_ANALYSIS = YES;
				CLANG_WARN_STRICT_PROTOTYPES = YES;
				CLANG_WARN_SUSPICIOUS_MOVE = YES;
				CLANG_WARN_UNGUARDED_AVAILABILITY = YES_AGGRESSIVE;
				CLANG_WARN_UNREACHABLE_CODE = YES;
				CLANG_WARN__DUPLICATE_METHOD_MATCH = YES;
				COPY_PHASE_STRIP = NO;
				DEBUG_INFORMATION_FORMAT = "dwarf-with-dsym";
				ENABLE_NS_ASSERTIONS = NO;
				ENABLE_STRICT_OBJC_MSGSEND = YES;
				GCC_C_LANGUAGE_STANDARD = gnu11;
				GCC_NO_COMMON_BLOCKS = YES;
				GCC_WARN_64_TO_32_BIT_CONVERSION = YES;
				GCC_WARN_ABOUT_RETURN_TYPE = YES_ERROR;
				GCC_WARN_UNDECLARED_SELECTOR = YES;
				GCC_WARN_UNINITIALIZED_AUTOS = YES_AGGRESSIVE;
				GCC_WARN_UNUSED_FUNCTION = YES;
				GCC_WARN_UNUSED_VARIABLE = YES;
				IPHONEOS_DEPLOYMENT_TARGET = 16.1;
				MTL_ENABLE_DEBUG_INFO = NO;
				MTL_FAST_MATH = YES;
				SDKROOT = iphoneos;
				SWIFT_COMPILATION_MODE = wholemodule;
				SWIFT_OPTIMIZATION_LEVEL = "-O";
				VALIDATE_PRODUCT = YES;
			};
			name = Release;
		};
		84AE5A042993C7A40039DE59 /* Debug */ = {
			isa = XCBuildConfiguration;
			buildSettings = {
				ASSETCATALOG_COMPILER_APPICON_NAME = AppIcon;
				ASSETCATALOG_COMPILER_GLOBAL_ACCENT_COLOR_NAME = AccentColor;
				CODE_SIGN_STYLE = Automatic;
				CURRENT_PROJECT_VERSION = 1;
				DEVELOPMENT_ASSET_PATHS = "\"podcasts/Preview Content\"";
				DEVELOPMENT_TEAM = 34B6F29UT3;
				ENABLE_PREVIEWS = YES;
				GENERATE_INFOPLIST_FILE = YES;
				INFOPLIST_FILE = podcasts/Info.plist;
				INFOPLIST_KEY_CFBundleDisplayName = PodcastFinder;
				INFOPLIST_KEY_LSApplicationCategoryType = "";
				INFOPLIST_KEY_UIApplicationSceneManifest_Generation = YES;
				INFOPLIST_KEY_UIApplicationSupportsIndirectInputEvents = YES;
				INFOPLIST_KEY_UISupportedInterfaceOrientations = UIInterfaceOrientationPortrait;
				INFOPLIST_KEY_UIUserInterfaceStyle = Dark;
				LD_RUNPATH_SEARCH_PATHS = (
					"$(inherited)",
					"@executable_path/Frameworks",
				);
				MARKETING_VERSION = 1.0;
				PRODUCT_BUNDLE_IDENTIFIER = joshsorokin.podcasts;
				PRODUCT_NAME = "$(TARGET_NAME)";
				SWIFT_EMIT_LOC_STRINGS = YES;
				SWIFT_VERSION = 5.0;
				TARGETED_DEVICE_FAMILY = "1,2";
			};
			name = Debug;
		};
		84AE5A052993C7A40039DE59 /* Release */ = {
			isa = XCBuildConfiguration;
			buildSettings = {
				ASSETCATALOG_COMPILER_APPICON_NAME = AppIcon;
				ASSETCATALOG_COMPILER_GLOBAL_ACCENT_COLOR_NAME = AccentColor;
				CODE_SIGN_STYLE = Automatic;
				CURRENT_PROJECT_VERSION = 1;
				DEVELOPMENT_ASSET_PATHS = "\"podcasts/Preview Content\"";
				DEVELOPMENT_TEAM = 34B6F29UT3;
				ENABLE_PREVIEWS = YES;
				GENERATE_INFOPLIST_FILE = YES;
				INFOPLIST_FILE = podcasts/Info.plist;
				INFOPLIST_KEY_CFBundleDisplayName = PodcastFinder;
				INFOPLIST_KEY_LSApplicationCategoryType = "";
				INFOPLIST_KEY_UIApplicationSceneManifest_Generation = YES;
				INFOPLIST_KEY_UIApplicationSupportsIndirectInputEvents = YES;
				INFOPLIST_KEY_UISupportedInterfaceOrientations = UIInterfaceOrientationPortrait;
				INFOPLIST_KEY_UIUserInterfaceStyle = Dark;
				LD_RUNPATH_SEARCH_PATHS = (
					"$(inherited)",
					"@executable_path/Frameworks",
				);
				MARKETING_VERSION = 1.0;
				PRODUCT_BUNDLE_IDENTIFIER = joshsorokin.podcasts;
				PRODUCT_NAME = "$(TARGET_NAME)";
				SWIFT_EMIT_LOC_STRINGS = YES;
				SWIFT_VERSION = 5.0;
				TARGETED_DEVICE_FAMILY = "1,2";
			};
			name = Release;
		};
		84AE5A072993C7A40039DE59 /* Debug */ = {
			isa = XCBuildConfiguration;
			buildSettings = {
				ALWAYS_EMBED_SWIFT_STANDARD_LIBRARIES = YES;
				BUNDLE_LOADER = "$(TEST_HOST)";
				CODE_SIGN_STYLE = Automatic;
				CURRENT_PROJECT_VERSION = 1;
				DEVELOPMENT_TEAM = 34B6F29UT3;
				GENERATE_INFOPLIST_FILE = YES;
				IPHONEOS_DEPLOYMENT_TARGET = 16.1;
				MARKETING_VERSION = 1.0;
				PRODUCT_BUNDLE_IDENTIFIER = joshsorokin.podcastsTests;
				PRODUCT_NAME = "$(TARGET_NAME)";
				SWIFT_EMIT_LOC_STRINGS = NO;
				SWIFT_VERSION = 5.0;
				TARGETED_DEVICE_FAMILY = "1,2";
				TEST_HOST = "$(BUILT_PRODUCTS_DIR)/podcasts.app/$(BUNDLE_EXECUTABLE_FOLDER_PATH)/podcasts";
			};
			name = Debug;
		};
		84AE5A082993C7A40039DE59 /* Release */ = {
			isa = XCBuildConfiguration;
			buildSettings = {
				ALWAYS_EMBED_SWIFT_STANDARD_LIBRARIES = YES;
				BUNDLE_LOADER = "$(TEST_HOST)";
				CODE_SIGN_STYLE = Automatic;
				CURRENT_PROJECT_VERSION = 1;
				DEVELOPMENT_TEAM = 34B6F29UT3;
				GENERATE_INFOPLIST_FILE = YES;
				IPHONEOS_DEPLOYMENT_TARGET = 16.1;
				MARKETING_VERSION = 1.0;
				PRODUCT_BUNDLE_IDENTIFIER = joshsorokin.podcastsTests;
				PRODUCT_NAME = "$(TARGET_NAME)";
				SWIFT_EMIT_LOC_STRINGS = NO;
				SWIFT_VERSION = 5.0;
				TARGETED_DEVICE_FAMILY = "1,2";
				TEST_HOST = "$(BUILT_PRODUCTS_DIR)/podcasts.app/$(BUNDLE_EXECUTABLE_FOLDER_PATH)/podcasts";
			};
			name = Release;
		};
		84AE5A0A2993C7A40039DE59 /* Debug */ = {
			isa = XCBuildConfiguration;
			buildSettings = {
				ALWAYS_EMBED_SWIFT_STANDARD_LIBRARIES = YES;
				CODE_SIGN_STYLE = Automatic;
				CURRENT_PROJECT_VERSION = 1;
				DEVELOPMENT_TEAM = 34B6F29UT3;
				GENERATE_INFOPLIST_FILE = YES;
				MARKETING_VERSION = 1.0;
				PRODUCT_BUNDLE_IDENTIFIER = joshsorokin.podcastsUITests;
				PRODUCT_NAME = "$(TARGET_NAME)";
				SWIFT_EMIT_LOC_STRINGS = NO;
				SWIFT_VERSION = 5.0;
				TARGETED_DEVICE_FAMILY = "1,2";
				TEST_TARGET_NAME = podcasts;
			};
			name = Debug;
		};
		84AE5A0B2993C7A40039DE59 /* Release */ = {
			isa = XCBuildConfiguration;
			buildSettings = {
				ALWAYS_EMBED_SWIFT_STANDARD_LIBRARIES = YES;
				CODE_SIGN_STYLE = Automatic;
				CURRENT_PROJECT_VERSION = 1;
				DEVELOPMENT_TEAM = 34B6F29UT3;
				GENERATE_INFOPLIST_FILE = YES;
				MARKETING_VERSION = 1.0;
				PRODUCT_BUNDLE_IDENTIFIER = joshsorokin.podcastsUITests;
				PRODUCT_NAME = "$(TARGET_NAME)";
				SWIFT_EMIT_LOC_STRINGS = NO;
				SWIFT_VERSION = 5.0;
				TARGETED_DEVICE_FAMILY = "1,2";
				TEST_TARGET_NAME = podcasts;
			};
			name = Release;
		};
/* End XCBuildConfiguration section */

/* Begin XCConfigurationList section */
		84AE59DA2993C7A30039DE59 /* Build configuration list for PBXProject "podcasts" */ = {
			isa = XCConfigurationList;
			buildConfigurations = (
				84AE5A012993C7A40039DE59 /* Debug */,
				84AE5A022993C7A40039DE59 /* Release */,
			);
			defaultConfigurationIsVisible = 0;
			defaultConfigurationName = Release;
		};
		84AE5A032993C7A40039DE59 /* Build configuration list for PBXNativeTarget "podcasts" */ = {
			isa = XCConfigurationList;
			buildConfigurations = (
				84AE5A042993C7A40039DE59 /* Debug */,
				84AE5A052993C7A40039DE59 /* Release */,
			);
			defaultConfigurationIsVisible = 0;
			defaultConfigurationName = Release;
		};
		84AE5A062993C7A40039DE59 /* Build configuration list for PBXNativeTarget "podcastsTests" */ = {
			isa = XCConfigurationList;
			buildConfigurations = (
				84AE5A072993C7A40039DE59 /* Debug */,
				84AE5A082993C7A40039DE59 /* Release */,
			);
			defaultConfigurationIsVisible = 0;
			defaultConfigurationName = Release;
		};
		84AE5A092993C7A40039DE59 /* Build configuration list for PBXNativeTarget "podcastsUITests" */ = {
			isa = XCConfigurationList;
			buildConfigurations = (
				84AE5A0A2993C7A40039DE59 /* Debug */,
				84AE5A0B2993C7A40039DE59 /* Release */,
			);
			defaultConfigurationIsVisible = 0;
			defaultConfigurationName = Release;
		};
/* End XCConfigurationList section */
	};
	rootObject = 84AE59D72993C7A30039DE59 /* Project object */;
}
